
Microsoft Visual Studio Solution File, Format Version 12.00
# Visual Studio Version 17
VisualStudioVersion = 17.2.32519.379
MinimumVisualStudioVersion = 10.0.40219.1
Project("{FAE04EC0-301F-11D3-BF4B-00C04F79EFBC}") = "trycach", "trycach\trycach.csproj", "{84CD987B-F3AA-4D40-AD91-B12A92EB0DA9}"
EndProject
Global
	GlobalSection(SolutionConfigurationPlatforms) = preSolution
		Debug|Any CPU = Debug|Any CPU
		Release|Any CPU = Release|Any CPU
	EndGlobalSection
	GlobalSection(ProjectConfigurationPlatforms) = postSolution
		{84CD987B-F3AA-4D40-AD91-B12A92EB0DA9}.Debug|Any CPU.ActiveCfg = Debug|Any CPU
		{84CD987B-F3AA-4D40-AD91-B12A92EB0DA9}.Debug|Any CPU.Build.0 = Debug|Any CPU
		{84CD987B-F3AA-4D40-AD91-B12A92EB0DA9}.Release|Any CPU.ActiveCfg = Release|Any CPU
		{84CD987B-F3AA-4D40-AD91-B12A92EB0DA9}.Release|Any CPU.Build.0 = Release|Any CPU
	EndGlobalSection
	GlobalSection(SolutionProperties) = preSolution
		HideSolutionNode = FALSE
	EndGlobalSection
	GlobalSection(ExtensibilityGlobals) = postSolution
		SolutionGuid = {74896699-F81F-44AF-9C56-A32D2409EF52}
	EndGlobalSection
EndGlobal
